{
	"name": "toastit",
	"version": "1.0.0",
	"lockfileVersion": 3,
	"requires": true,
	"packages": {
		"": {
			"name": "toastit",
			"version": "1.0.0",
			"devDependencies": {
				"@material/mwc-snackbar": "^0.27.0",
				"esbuild": "^0.24.0",
				"lit": "^3.2.1",
				"shx": "^0.3.4",
				"typescript": "^5.6.3",
				"wireit": "^0.14.9"
			}
		},
		"node_modules/@esbuild/linux-x64": {
			"version": "0.24.0",
			"resolved": "https://registry.npmjs.org/@esbuild/linux-x64/-/linux-x64-0.24.0.tgz",
			"integrity": "sha512-vbutsFqQ+foy3wSSbmjBXXIJ6PL3scghJoM8zCL142cGaZKAdCZHyf+Bpu/MmX9zT9Q0zFBVKb36Ma5Fzfa8xA==",
			"cpu": [
				"x64"
			],
			"dev": true,
			"license": "MIT",
			"optional": true,
			"os": [
				"linux"
			],
			"engines": {
				"node": ">=18"
			}
		},
		"node_modules/@lit-labs/ssr-dom-shim": {
			"version": "1.2.1",
			"dev": true,
			"license": "BSD-3-Clause"
		},
		"node_modules/@lit/reactive-element": {
			"version": "2.0.4",
			"dev": true,
			"license": "BSD-3-Clause",
			"dependencies": {
				"@lit-labs/ssr-dom-shim": "^1.2.0"
			}
		},
		"node_modules/@material/animation": {
			"version": "14.0.0-canary.53b3cad2f.0",
			"resolved": "https://registry.npmjs.org/@material/animation/-/animation-14.0.0-canary.53b3cad2f.0.tgz",
			"integrity": "sha512-GBuR4VmcTQW1D0lPXEosf5Giho72LLbyGIydWGtaEUtLJoive/D9kFkwTN4Fsyt9Kkl7hbhs35vrNe6QkAH4/Q==",
			"dev": true,
			"license": "MIT",
			"dependencies": {
				"tslib": "^2.1.0"
			}
		},
		"node_modules/@material/base": {
			"version": "14.0.0-canary.53b3cad2f.0",
			"resolved": "https://registry.npmjs.org/@material/base/-/base-14.0.0-canary.53b3cad2f.0.tgz",
			"integrity": "sha512-UJKbXwZtkrA3sfQDmj8Zbw1Q3Tqtl6KdfVFws95Yf7TCUgTFzbZI/FSx1w7dVugQPOEnIBuZnzqZam/MtHkx4w==",
			"dev": true,
			"license": "MIT",
			"dependencies": {
				"tslib": "^2.1.0"
			}
		},
		"node_modules/@material/button": {
			"version": "14.0.0-canary.53b3cad2f.0",
			"resolved": "https://registry.npmjs.org/@material/button/-/button-14.0.0-canary.53b3cad2f.0.tgz",
			"integrity": "sha512-IPBAByKpQjrWNVmAWx5VCTCLnOw4ymbLsbHmBkLiDgcLPs1EtwYnKKIwQ+/t3bV02OShUdMiyboL8V/C0gMS1A==",
			"dev": true,
			"license": "MIT",
			"dependencies": {
				"@material/density": "14.0.0-canary.53b3cad2f.0",
				"@material/dom": "14.0.0-canary.53b3cad2f.0",
				"@material/elevation": "14.0.0-canary.53b3cad2f.0",
				"@material/feature-targeting": "14.0.0-canary.53b3cad2f.0",
				"@material/focus-ring": "14.0.0-canary.53b3cad2f.0",
				"@material/ripple": "14.0.0-canary.53b3cad2f.0",
				"@material/rtl": "14.0.0-canary.53b3cad2f.0",
				"@material/shape": "14.0.0-canary.53b3cad2f.0",
				"@material/theme": "14.0.0-canary.53b3cad2f.0",
				"@material/tokens": "14.0.0-canary.53b3cad2f.0",
				"@material/touch-target": "14.0.0-canary.53b3cad2f.0",
				"@material/typography": "14.0.0-canary.53b3cad2f.0",
				"tslib": "^2.1.0"
			}
		},
		"node_modules/@material/density": {
			"version": "14.0.0-canary.53b3cad2f.0",
			"resolved": "https://registry.npmjs.org/@material/density/-/density-14.0.0-canary.53b3cad2f.0.tgz",
			"integrity": "sha512-Eh/vZ3vVyqtpylg5Ci33qlgtToS4H1/ppd450Ib3tcdISIoodgijYY0w4XsRvrnZgbI/h/1STFdLxdzS0UNuFw==",
			"dev": true,
			"license": "MIT",
			"dependencies": {
				"tslib": "^2.1.0"
			}
		},
		"node_modules/@material/dom": {
			"version": "14.0.0-canary.53b3cad2f.0",
			"resolved": "https://registry.npmjs.org/@material/dom/-/dom-14.0.0-canary.53b3cad2f.0.tgz",
			"integrity": "sha512-aR+rfncF6oi2ivdOlKSJI4UXwNzWV5rXM88MLDoSJF1D7lXxhAKhge+tMUBodWGV/q0+FnXLuVAa0WYTrKjo+A==",
			"dev": true,
			"license": "MIT",
			"dependencies": {
				"@material/feature-targeting": "14.0.0-canary.53b3cad2f.0",
				"tslib": "^2.1.0"
			}
		},
		"node_modules/@material/elevation": {
			"version": "14.0.0-canary.53b3cad2f.0",
			"resolved": "https://registry.npmjs.org/@material/elevation/-/elevation-14.0.0-canary.53b3cad2f.0.tgz",
			"integrity": "sha512-3h+EkR588RMZ5TSNQ4UeXD1FOBnL3ABQix0DQIGwtNJCqSMoPndT/oJEFvwQbTkZNDbFIKN9p1Q7/KuFPVY8Pw==",
			"dev": true,
			"license": "MIT",
			"dependencies": {
				"@material/animation": "14.0.0-canary.53b3cad2f.0",
				"@material/base": "14.0.0-canary.53b3cad2f.0",
				"@material/feature-targeting": "14.0.0-canary.53b3cad2f.0",
				"@material/rtl": "14.0.0-canary.53b3cad2f.0",
				"@material/theme": "14.0.0-canary.53b3cad2f.0",
				"tslib": "^2.1.0"
			}
		},
		"node_modules/@material/feature-targeting": {
			"version": "14.0.0-canary.53b3cad2f.0",
			"resolved": "https://registry.npmjs.org/@material/feature-targeting/-/feature-targeting-14.0.0-canary.53b3cad2f.0.tgz",
			"integrity": "sha512-fn7Af3PRyARtNeYqtjxXmE3Y/dCpnpQVWWys57MqiGR/nvc6qpgOfJ6rOdcu/MrOysOE/oebTUDmDnTmwpe9Hw==",
			"dev": true,
			"license": "MIT",
			"dependencies": {
				"tslib": "^2.1.0"
			}
		},
		"node_modules/@material/focus-ring": {
			"version": "14.0.0-canary.53b3cad2f.0",
			"resolved": "https://registry.npmjs.org/@material/focus-ring/-/focus-ring-14.0.0-canary.53b3cad2f.0.tgz",
			"integrity": "sha512-exPX5VrjQimipBwgcFDGRiEE783sOBgpkFui59A6i6iGvS2UrLHlYY2E65fyyyQnD1f/rv4Po1OOnCesE1kulg==",
			"dev": true,
			"license": "MIT",
			"dependencies": {
				"@material/dom": "14.0.0-canary.53b3cad2f.0",
				"@material/feature-targeting": "14.0.0-canary.53b3cad2f.0",
				"@material/rtl": "14.0.0-canary.53b3cad2f.0"
			}
		},
		"node_modules/@material/icon-button": {
			"version": "14.0.0-canary.53b3cad2f.0",
			"resolved": "https://registry.npmjs.org/@material/icon-button/-/icon-button-14.0.0-canary.53b3cad2f.0.tgz",
			"integrity": "sha512-BFdj3CP0JXHC/F2bDmpmzWhum4fkzIDgCCavvnpE/KcCbr0AaoSULRde+LtqvbdLIYW20cXhvjinIOlRhSOshA==",
			"dev": true,
			"license": "MIT",
			"dependencies": {
				"@material/base": "14.0.0-canary.53b3cad2f.0",
				"@material/density": "14.0.0-canary.53b3cad2f.0",
				"@material/dom": "14.0.0-canary.53b3cad2f.0",
				"@material/elevation": "14.0.0-canary.53b3cad2f.0",
				"@material/feature-targeting": "14.0.0-canary.53b3cad2f.0",
				"@material/focus-ring": "14.0.0-canary.53b3cad2f.0",
				"@material/ripple": "14.0.0-canary.53b3cad2f.0",
				"@material/rtl": "14.0.0-canary.53b3cad2f.0",
				"@material/theme": "14.0.0-canary.53b3cad2f.0",
				"@material/touch-target": "14.0.0-canary.53b3cad2f.0",
				"tslib": "^2.1.0"
			}
		},
		"node_modules/@material/mwc-base": {
			"version": "0.27.0",
			"resolved": "https://registry.npmjs.org/@material/mwc-base/-/mwc-base-0.27.0.tgz",
			"integrity": "sha512-oCWWtjbyQ52AaUbzINLGBKScIPyqhps2Y7c8t6Gu6fcFeDxhKXMV1Cqvtj/OMhtAt53XjHfD2XruWwYv3cYYUA==",
			"deprecated": "MWC beta is longer supported. Please upgrade to @material/web",
			"dev": true,
			"license": "Apache-2.0",
			"dependencies": {
				"@material/base": "=14.0.0-canary.53b3cad2f.0",
				"@material/dom": "=14.0.0-canary.53b3cad2f.0",
				"lit": "^2.0.0",
				"tslib": "^2.0.1"
			}
		},
		"node_modules/@material/mwc-base/node_modules/@lit/reactive-element": {
			"version": "1.6.3",
			"resolved": "https://registry.npmjs.org/@lit/reactive-element/-/reactive-element-1.6.3.tgz",
			"integrity": "sha512-QuTgnG52Poic7uM1AN5yJ09QMe0O28e10XzSvWDz02TJiiKee4stsiownEIadWm8nYzyDAyT+gKzUoZmiWQtsQ==",
			"dev": true,
			"license": "BSD-3-Clause",
			"dependencies": {
				"@lit-labs/ssr-dom-shim": "^1.0.0"
			}
		},
		"node_modules/@material/mwc-base/node_modules/lit": {
			"version": "2.8.0",
			"resolved": "https://registry.npmjs.org/lit/-/lit-2.8.0.tgz",
			"integrity": "sha512-4Sc3OFX9QHOJaHbmTMk28SYgVxLN3ePDjg7hofEft2zWlehFL3LiAuapWc4U/kYwMYJSh2hTCPZ6/LIC7ii0MA==",
			"dev": true,
			"license": "BSD-3-Clause",
			"dependencies": {
				"@lit/reactive-element": "^1.6.0",
				"lit-element": "^3.3.0",
				"lit-html": "^2.8.0"
			}
		},
		"node_modules/@material/mwc-base/node_modules/lit-element": {
			"version": "3.3.3",
			"resolved": "https://registry.npmjs.org/lit-element/-/lit-element-3.3.3.tgz",
			"integrity": "sha512-XbeRxmTHubXENkV4h8RIPyr8lXc+Ff28rkcQzw3G6up2xg5E8Zu1IgOWIwBLEQsu3cOVFqdYwiVi0hv0SlpqUA==",
			"dev": true,
			"license": "BSD-3-Clause",
			"dependencies": {
				"@lit-labs/ssr-dom-shim": "^1.1.0",
				"@lit/reactive-element": "^1.3.0",
				"lit-html": "^2.8.0"
			}
		},
		"node_modules/@material/mwc-base/node_modules/lit-html": {
			"version": "2.8.0",
			"resolved": "https://registry.npmjs.org/lit-html/-/lit-html-2.8.0.tgz",
			"integrity": "sha512-o9t+MQM3P4y7M7yNzqAyjp7z+mQGa4NS4CxiyLqFPyFWyc4O+nodLrkrxSaCTrla6M5YOLaT3RpbbqjszB5g3Q==",
			"dev": true,
			"license": "BSD-3-Clause",
			"dependencies": {
				"@types/trusted-types": "^2.0.2"
			}
		},
		"node_modules/@material/mwc-snackbar": {
			"version": "0.27.0",
			"resolved": "https://registry.npmjs.org/@material/mwc-snackbar/-/mwc-snackbar-0.27.0.tgz",
			"integrity": "sha512-D9xhae4MiUwhHJxXaNzucmOutXVS/02CVnuCpzV2uDCLnY4oTaiZNDa+YBxheZnNKTTSm5yrshOnsRIQO6hgPw==",
			"deprecated": "MWC beta is longer supported. Please upgrade to @material/web",
			"dev": true,
			"license": "Apache-2.0",
			"dependencies": {
				"@material/mwc-base": "^0.27.0",
				"@material/snackbar": "=14.0.0-canary.53b3cad2f.0",
				"lit": "^2.0.0",
				"tslib": "^2.0.1"
			}
		},
		"node_modules/@material/mwc-snackbar/node_modules/@lit/reactive-element": {
			"version": "1.6.3",
			"resolved": "https://registry.npmjs.org/@lit/reactive-element/-/reactive-element-1.6.3.tgz",
			"integrity": "sha512-QuTgnG52Poic7uM1AN5yJ09QMe0O28e10XzSvWDz02TJiiKee4stsiownEIadWm8nYzyDAyT+gKzUoZmiWQtsQ==",
			"dev": true,
			"license": "BSD-3-Clause",
			"dependencies": {
				"@lit-labs/ssr-dom-shim": "^1.0.0"
			}
		},
		"node_modules/@material/mwc-snackbar/node_modules/lit": {
			"version": "2.8.0",
			"resolved": "https://registry.npmjs.org/lit/-/lit-2.8.0.tgz",
			"integrity": "sha512-4Sc3OFX9QHOJaHbmTMk28SYgVxLN3ePDjg7hofEft2zWlehFL3LiAuapWc4U/kYwMYJSh2hTCPZ6/LIC7ii0MA==",
			"dev": true,
			"license": "BSD-3-Clause",
			"dependencies": {
				"@lit/reactive-element": "^1.6.0",
				"lit-element": "^3.3.0",
				"lit-html": "^2.8.0"
			}
		},
		"node_modules/@material/mwc-snackbar/node_modules/lit-element": {
			"version": "3.3.3",
			"resolved": "https://registry.npmjs.org/lit-element/-/lit-element-3.3.3.tgz",
			"integrity": "sha512-XbeRxmTHubXENkV4h8RIPyr8lXc+Ff28rkcQzw3G6up2xg5E8Zu1IgOWIwBLEQsu3cOVFqdYwiVi0hv0SlpqUA==",
			"dev": true,
			"license": "BSD-3-Clause",
			"dependencies": {
				"@lit-labs/ssr-dom-shim": "^1.1.0",
				"@lit/reactive-element": "^1.3.0",
				"lit-html": "^2.8.0"
			}
		},
		"node_modules/@material/mwc-snackbar/node_modules/lit-html": {
			"version": "2.8.0",
			"resolved": "https://registry.npmjs.org/lit-html/-/lit-html-2.8.0.tgz",
			"integrity": "sha512-o9t+MQM3P4y7M7yNzqAyjp7z+mQGa4NS4CxiyLqFPyFWyc4O+nodLrkrxSaCTrla6M5YOLaT3RpbbqjszB5g3Q==",
			"dev": true,
			"license": "BSD-3-Clause",
			"dependencies": {
				"@types/trusted-types": "^2.0.2"
			}
		},
		"node_modules/@material/ripple": {
			"version": "14.0.0-canary.53b3cad2f.0",
			"resolved": "https://registry.npmjs.org/@material/ripple/-/ripple-14.0.0-canary.53b3cad2f.0.tgz",
			"integrity": "sha512-6g2G62vd8DsMuIUSXlRrzb98qkZ4o8ZREknNwNP2zaLQEOkJ//4j9HaqDt98/3LIjUTY9UIVFTQENiMmlwKHYQ==",
			"dev": true,
			"license": "MIT",
			"dependencies": {
				"@material/animation": "14.0.0-canary.53b3cad2f.0",
				"@material/base": "14.0.0-canary.53b3cad2f.0",
				"@material/dom": "14.0.0-canary.53b3cad2f.0",
				"@material/feature-targeting": "14.0.0-canary.53b3cad2f.0",
				"@material/rtl": "14.0.0-canary.53b3cad2f.0",
				"@material/theme": "14.0.0-canary.53b3cad2f.0",
				"tslib": "^2.1.0"
			}
		},
		"node_modules/@material/rtl": {
			"version": "14.0.0-canary.53b3cad2f.0",
			"resolved": "https://registry.npmjs.org/@material/rtl/-/rtl-14.0.0-canary.53b3cad2f.0.tgz",
			"integrity": "sha512-f08LT0HSa0WYU+4Jz/tbm1TQ9Fcf2k+H6dPPYv0J1sZmX6hMgCEmNiUdUFLQFvszoXx2XrRi1/hIFjbz2e69Yg==",
			"dev": true,
			"license": "MIT",
			"dependencies": {
				"@material/theme": "14.0.0-canary.53b3cad2f.0",
				"tslib": "^2.1.0"
			}
		},
		"node_modules/@material/shape": {
			"version": "14.0.0-canary.53b3cad2f.0",
			"resolved": "https://registry.npmjs.org/@material/shape/-/shape-14.0.0-canary.53b3cad2f.0.tgz",
			"integrity": "sha512-RyjInLCNe+nI/ulKea0ZLHphXQDiDqYazS25SRn18g8Hoa5qGNaY5oOBncDXUYn3jm5oI5kFc9oif//kulkbjg==",
			"dev": true,
			"license": "MIT",
			"dependencies": {
				"@material/feature-targeting": "14.0.0-canary.53b3cad2f.0",
				"@material/rtl": "14.0.0-canary.53b3cad2f.0",
				"@material/theme": "14.0.0-canary.53b3cad2f.0",
				"tslib": "^2.1.0"
			}
		},
		"node_modules/@material/snackbar": {
			"version": "14.0.0-canary.53b3cad2f.0",
			"resolved": "https://registry.npmjs.org/@material/snackbar/-/snackbar-14.0.0-canary.53b3cad2f.0.tgz",
			"integrity": "sha512-E/i+o7Q8Jp4UW7UBTslqlFeSxgyU7XE86CoYuq2g+ySSWTt8b16ug8EJTQvuk4DRdDO3tjQN1sN0R77Av6txSw==",
			"dev": true,
			"license": "MIT",
			"dependencies": {
				"@material/animation": "14.0.0-canary.53b3cad2f.0",
				"@material/base": "14.0.0-canary.53b3cad2f.0",
				"@material/button": "14.0.0-canary.53b3cad2f.0",
				"@material/dom": "14.0.0-canary.53b3cad2f.0",
				"@material/elevation": "14.0.0-canary.53b3cad2f.0",
				"@material/feature-targeting": "14.0.0-canary.53b3cad2f.0",
				"@material/icon-button": "14.0.0-canary.53b3cad2f.0",
				"@material/ripple": "14.0.0-canary.53b3cad2f.0",
				"@material/rtl": "14.0.0-canary.53b3cad2f.0",
				"@material/shape": "14.0.0-canary.53b3cad2f.0",
				"@material/theme": "14.0.0-canary.53b3cad2f.0",
				"@material/typography": "14.0.0-canary.53b3cad2f.0",
				"tslib": "^2.1.0"
			}
		},
		"node_modules/@material/theme": {
			"version": "14.0.0-canary.53b3cad2f.0",
			"resolved": "https://registry.npmjs.org/@material/theme/-/theme-14.0.0-canary.53b3cad2f.0.tgz",
			"integrity": "sha512-S06XAevDCDWMe+GgsEpITMS07imUidzadNaTbJsqssFajBLr53QWVZsG84BpjXKXoYvyEJvb0hX5U0lq6ip9UQ==",
			"dev": true,
			"license": "MIT",
			"dependencies": {
				"@material/feature-targeting": "14.0.0-canary.53b3cad2f.0",
				"tslib": "^2.1.0"
			}
		},
		"node_modules/@material/tokens": {
			"version": "14.0.0-canary.53b3cad2f.0",
			"resolved": "https://registry.npmjs.org/@material/tokens/-/tokens-14.0.0-canary.53b3cad2f.0.tgz",
			"integrity": "sha512-myHFB7vac8zErA3qgkqmV+kpE+i9JEwc/6Yf0MOumDSpylJGw28QikpNC6eAVBK2EmPQTaFn20mqUxyud8dGqw==",
			"dev": true,
			"license": "MIT",
			"dependencies": {
				"@material/elevation": "14.0.0-canary.53b3cad2f.0"
			}
		},
		"node_modules/@material/touch-target": {
			"version": "14.0.0-canary.53b3cad2f.0",
			"resolved": "https://registry.npmjs.org/@material/touch-target/-/touch-target-14.0.0-canary.53b3cad2f.0.tgz",
			"integrity": "sha512-d83e5vbqoLyL542yOTTp4TLVltddWiqbI/j1w/D9ipE30YKfe2EDN+CNJc32Zufh5IUfK41DsZdrN8fI9cL99A==",
			"dev": true,
			"license": "MIT",
			"dependencies": {
				"@material/base": "14.0.0-canary.53b3cad2f.0",
				"@material/feature-targeting": "14.0.0-canary.53b3cad2f.0",
				"@material/rtl": "14.0.0-canary.53b3cad2f.0",
				"tslib": "^2.1.0"
			}
		},
		"node_modules/@material/typography": {
			"version": "14.0.0-canary.53b3cad2f.0",
			"resolved": "https://registry.npmjs.org/@material/typography/-/typography-14.0.0-canary.53b3cad2f.0.tgz",
			"integrity": "sha512-9J0k2fq7uyHsRzRqJDJLGmg3YzRpfRPtFDVeUH/xBcYoqpZE7wYw5Mb7s/l8eP626EtR7HhXhSPjvRTLA6NIJg==",
			"dev": true,
			"license": "MIT",
			"dependencies": {
				"@material/feature-targeting": "14.0.0-canary.53b3cad2f.0",
				"@material/theme": "14.0.0-canary.53b3cad2f.0",
				"tslib": "^2.1.0"
			}
		},
		"node_modules/@nodelib/fs.scandir": {
			"version": "2.1.5",
			"resolved": "https://registry.npmjs.org/@nodelib/fs.scandir/-/fs.scandir-2.1.5.tgz",
			"integrity": "sha512-vq24Bq3ym5HEQm2NKCr3yXDwjc7vTsEThRDnkp2DK9p1uqLR+DHurm/NOTo0KG7HYHU7eppKZj3MyqYuMBf62g==",
			"dev": true,
			"license": "MIT",
			"dependencies": {
				"@nodelib/fs.stat": "2.0.5",
				"run-parallel": "^1.1.9"
			},
			"engines": {
				"node": ">= 8"
			}
		},
		"node_modules/@nodelib/fs.stat": {
			"version": "2.0.5",
			"resolved": "https://registry.npmjs.org/@nodelib/fs.stat/-/fs.stat-2.0.5.tgz",
			"integrity": "sha512-RkhPPp2zrqDAQA/2jNhnztcPAlv64XdhIp7a7454A5ovI7Bukxgt7MX7udwAu3zg1DcpPU0rz3VV1SeaqvY4+A==",
			"dev": true,
			"license": "MIT",
			"engines": {
				"node": ">= 8"
			}
		},
		"node_modules/@nodelib/fs.walk": {
			"version": "1.2.8",
			"resolved": "https://registry.npmjs.org/@nodelib/fs.walk/-/fs.walk-1.2.8.tgz",
			"integrity": "sha512-oGB+UxlgWcgQkgwo8GcEGwemoTFt3FIO9ababBmaGwXIoBKZ+GTy0pP185beGg7Llih/NSHSV2XAs1lnznocSg==",
			"dev": true,
			"license": "MIT",
			"dependencies": {
				"@nodelib/fs.scandir": "2.1.5",
				"fastq": "^1.6.0"
			},
			"engines": {
				"node": ">= 8"
			}
		},
		"node_modules/@types/trusted-types": {
			"version": "2.0.3",
			"dev": true,
			"license": "MIT"
		},
		"node_modules/anymatch": {
			"version": "3.1.3",
			"resolved": "https://registry.npmjs.org/anymatch/-/anymatch-3.1.3.tgz",
			"integrity": "sha512-KMReFUr0B4t+D+OBkjR3KYqvocp2XaSzO55UcB6mgQMd3KbcE+mWTyvVV7D/zsdEbNnV6acZUutkiHQXvTr1Rw==",
			"dev": true,
			"license": "ISC",
			"dependencies": {
				"normalize-path": "^3.0.0",
				"picomatch": "^2.0.4"
			},
			"engines": {
				"node": ">= 8"
			}
		},
		"node_modules/balanced-match": {
			"version": "1.0.2",
			"resolved": "https://registry.npmjs.org/balanced-match/-/balanced-match-1.0.2.tgz",
			"integrity": "sha512-3oSeUO0TMV67hN1AmbXsK4yaqU7tjiHlbxRDZOpH0KW9+CeX4bRAaX0Anxt0tx2MrpRpWwQaPwIlISEJhYU5Pw==",
			"dev": true,
			"license": "MIT"
		},
		"node_modules/binary-extensions": {
			"version": "2.3.0",
			"resolved": "https://registry.npmjs.org/binary-extensions/-/binary-extensions-2.3.0.tgz",
			"integrity": "sha512-Ceh+7ox5qe7LJuLHoY0feh3pHuUDHAcRUeyL2VYghZwfpkNIy/+8Ocg0a3UuSoYzavmylwuLWQOf3hl0jjMMIw==",
			"dev": true,
			"license": "MIT",
			"engines": {
				"node": ">=8"
			},
			"funding": {
				"url": "https://github.com/sponsors/sindresorhus"
			}
		},
		"node_modules/brace-expansion": {
			"version": "1.1.11",
			"resolved": "https://registry.npmjs.org/brace-expansion/-/brace-expansion-1.1.11.tgz",
			"integrity": "sha512-iCuPHDFgrHX7H2vEI/5xpz07zSHB00TpugqhmYtVmMO6518mCuRMoOYFldEBl0g187ufozdaHgWKcYFb61qGiA==",
			"dev": true,
			"license": "MIT",
			"dependencies": {
				"balanced-match": "^1.0.0",
				"concat-map": "0.0.1"
			}
		},
		"node_modules/braces": {
			"version": "3.0.3",
			"resolved": "https://registry.npmjs.org/braces/-/braces-3.0.3.tgz",
			"integrity": "sha512-yQbXgO/OSZVD2IsiLlro+7Hf6Q18EJrKSEsdoMzKePKXct3gvD8oLcOQdIzGupr5Fj+EDe8gO/lxc1BzfMpxvA==",
			"dev": true,
			"license": "MIT",
			"dependencies": {
				"fill-range": "^7.1.1"
			},
			"engines": {
				"node": ">=8"
			}
		},
		"node_modules/chokidar": {
			"version": "3.6.0",
			"resolved": "https://registry.npmjs.org/chokidar/-/chokidar-3.6.0.tgz",
			"integrity": "sha512-7VT13fmjotKpGipCW9JEQAusEPE+Ei8nl6/g4FBAmIm0GOOLMua9NDDo/DWp0ZAxCr3cPq5ZpBqmPAQgDda2Pw==",
			"dev": true,
			"license": "MIT",
			"dependencies": {
				"anymatch": "~3.1.2",
				"braces": "~3.0.2",
				"glob-parent": "~5.1.2",
				"is-binary-path": "~2.1.0",
				"is-glob": "~4.0.1",
				"normalize-path": "~3.0.0",
				"readdirp": "~3.6.0"
			},
			"engines": {
				"node": ">= 8.10.0"
			},
			"funding": {
				"url": "https://paulmillr.com/funding/"
			},
			"optionalDependencies": {
				"fsevents": "~2.3.2"
			}
		},
		"node_modules/concat-map": {
			"version": "0.0.1",
			"resolved": "https://registry.npmjs.org/concat-map/-/concat-map-0.0.1.tgz",
			"integrity": "sha512-/Srv4dswyQNBfohGpz9o6Yb3Gz3SrUDqBH5rTuhGR7ahtlbYKnVxw2bCFMRljaA7EXHaXZ8wsHdodFvbkhKmqg==",
			"dev": true,
			"license": "MIT"
		},
		"node_modules/esbuild": {
			"version": "0.24.0",
			"resolved": "https://registry.npmjs.org/esbuild/-/esbuild-0.24.0.tgz",
			"integrity": "sha512-FuLPevChGDshgSicjisSooU0cemp/sGXR841D5LHMB7mTVOmsEHcAxaH3irL53+8YDIeVNQEySh4DaYU/iuPqQ==",
			"dev": true,
			"hasInstallScript": true,
			"license": "MIT",
			"bin": {
				"esbuild": "bin/esbuild"
			},
			"engines": {
				"node": ">=18"
			},
			"optionalDependencies": {
				"@esbuild/aix-ppc64": "0.24.0",
				"@esbuild/android-arm": "0.24.0",
				"@esbuild/android-arm64": "0.24.0",
				"@esbuild/android-x64": "0.24.0",
				"@esbuild/darwin-arm64": "0.24.0",
				"@esbuild/darwin-x64": "0.24.0",
				"@esbuild/freebsd-arm64": "0.24.0",
				"@esbuild/freebsd-x64": "0.24.0",
				"@esbuild/linux-arm": "0.24.0",
				"@esbuild/linux-arm64": "0.24.0",
				"@esbuild/linux-ia32": "0.24.0",
				"@esbuild/linux-loong64": "0.24.0",
				"@esbuild/linux-mips64el": "0.24.0",
				"@esbuild/linux-ppc64": "0.24.0",
				"@esbuild/linux-riscv64": "0.24.0",
				"@esbuild/linux-s390x": "0.24.0",
				"@esbuild/linux-x64": "0.24.0",
				"@esbuild/netbsd-x64": "0.24.0",
				"@esbuild/openbsd-arm64": "0.24.0",
				"@esbuild/openbsd-x64": "0.24.0",
				"@esbuild/sunos-x64": "0.24.0",
				"@esbuild/win32-arm64": "0.24.0",
				"@esbuild/win32-ia32": "0.24.0",
				"@esbuild/win32-x64": "0.24.0"
			}
		},
		"node_modules/fast-glob": {
			"version": "3.3.2",
			"resolved": "https://registry.npmjs.org/fast-glob/-/fast-glob-3.3.2.tgz",
			"integrity": "sha512-oX2ruAFQwf/Orj8m737Y5adxDQO0LAB7/S5MnxCdTNDd4p6BsyIVsv9JQsATbTSq8KHRpLwIHbVlUNatxd+1Ow==",
			"dev": true,
			"license": "MIT",
			"dependencies": {
				"@nodelib/fs.stat": "^2.0.2",
				"@nodelib/fs.walk": "^1.2.3",
				"glob-parent": "^5.1.2",
				"merge2": "^1.3.0",
				"micromatch": "^4.0.4"
			},
			"engines": {
				"node": ">=8.6.0"
			}
		},
		"node_modules/fastq": {
			"version": "1.17.1",
			"resolved": "https://registry.npmjs.org/fastq/-/fastq-1.17.1.tgz",
			"integrity": "sha512-sRVD3lWVIXWg6By68ZN7vho9a1pQcN/WBFaAAsDDFzlJjvoGx0P8z7V1t72grFJfJhu3YPZBuu25f7Kaw2jN1w==",
			"dev": true,
			"license": "ISC",
			"dependencies": {
				"reusify": "^1.0.4"
			}
		},
		"node_modules/fill-range": {
			"version": "7.1.1",
			"resolved": "https://registry.npmjs.org/fill-range/-/fill-range-7.1.1.tgz",
			"integrity": "sha512-YsGpe3WHLK8ZYi4tWDg2Jy3ebRz2rXowDxnld4bkQB00cc/1Zw9AWnC0i9ztDJitivtQvaI9KaLyKrc+hBW0yg==",
			"dev": true,
			"license": "MIT",
			"dependencies": {
				"to-regex-range": "^5.0.1"
			},
			"engines": {
				"node": ">=8"
			}
		},
		"node_modules/fs.realpath": {
			"version": "1.0.0",
			"resolved": "https://registry.npmjs.org/fs.realpath/-/fs.realpath-1.0.0.tgz",
			"integrity": "sha512-OO0pH2lK6a0hZnAdau5ItzHPI6pUlvI7jMVnxUQRtw4owF2wk8lOSabtGDCTP4Ggrg2MbGnWO9X8K1t4+fGMDw==",
			"dev": true,
			"license": "ISC"
		},
		"node_modules/function-bind": {
			"version": "1.1.2",
			"resolved": "https://registry.npmjs.org/function-bind/-/function-bind-1.1.2.tgz",
			"integrity": "sha512-7XHNxH7qX9xG5mIwxkhumTox/MIRNcOgDrxWsMt2pAr23WHp6MrRlN7FBSFpCpr+oVO0F744iUgR82nJMfG2SA==",
			"dev": true,
			"license": "MIT",
			"funding": {
				"url": "https://github.com/sponsors/ljharb"
			}
		},
		"node_modules/glob": {
			"version": "7.2.3",
			"resolved": "https://registry.npmjs.org/glob/-/glob-7.2.3.tgz",
			"integrity": "sha512-nFR0zLpU2YCaRxwoCJvL6UvCH2JFyFVIvwTLsIf21AuHlMskA1hhTdk+LlYJtOlYt9v6dvszD2BGRqBL+iQK9Q==",
			"deprecated": "Glob versions prior to v9 are no longer supported",
			"dev": true,
			"license": "ISC",
			"dependencies": {
				"fs.realpath": "^1.0.0",
				"inflight": "^1.0.4",
				"inherits": "2",
				"minimatch": "^3.1.1",
				"once": "^1.3.0",
				"path-is-absolute": "^1.0.0"
			},
			"engines": {
				"node": "*"
			},
			"funding": {
				"url": "https://github.com/sponsors/isaacs"
			}
		},
		"node_modules/glob-parent": {
			"version": "5.1.2",
			"resolved": "https://registry.npmjs.org/glob-parent/-/glob-parent-5.1.2.tgz",
			"integrity": "sha512-AOIgSQCepiJYwP3ARnGx+5VnTu2HBYdzbGP45eLw1vr3zB3vZLeyed1sC9hnbcOc9/SrMyM5RPQrkGz4aS9Zow==",
			"dev": true,
			"license": "ISC",
			"dependencies": {
				"is-glob": "^4.0.1"
			},
			"engines": {
				"node": ">= 6"
			}
		},
		"node_modules/graceful-fs": {
			"version": "4.2.11",
			"resolved": "https://registry.npmjs.org/graceful-fs/-/graceful-fs-4.2.11.tgz",
			"integrity": "sha512-RbJ5/jmFcNNCcDV5o9eTnBLJ/HszWV0P73bc+Ff4nS/rJj+YaS6IGyiOL0VoBYX+l1Wrl3k63h/KrH+nhJ0XvQ==",
			"dev": true,
			"license": "ISC"
		},
		"node_modules/hasown": {
			"version": "2.0.2",
			"resolved": "https://registry.npmjs.org/hasown/-/hasown-2.0.2.tgz",
			"integrity": "sha512-0hJU9SCPvmMzIBdZFqNPXWa6dqh7WdH0cII9y+CyS8rG3nL48Bclra9HmKhVVUHyPWNH5Y7xDwAB7bfgSjkUMQ==",
			"dev": true,
			"license": "MIT",
			"dependencies": {
				"function-bind": "^1.1.2"
			},
			"engines": {
				"node": ">= 0.4"
			}
		},
		"node_modules/inflight": {
			"version": "1.0.6",
			"resolved": "https://registry.npmjs.org/inflight/-/inflight-1.0.6.tgz",
			"integrity": "sha512-k92I/b08q4wvFscXCLvqfsHCrjrF7yiXsQuIVvVE7N82W3+aqpzuUdBbfhWcy/FZR3/4IgflMgKLOsvPDrGCJA==",
			"deprecated": "This module is not supported, and leaks memory. Do not use it. Check out lru-cache if you want a good and tested way to coalesce async requests by a key value, which is much more comprehensive and powerful.",
			"dev": true,
			"license": "ISC",
			"dependencies": {
				"once": "^1.3.0",
				"wrappy": "1"
			}
		},
		"node_modules/inherits": {
			"version": "2.0.4",
			"resolved": "https://registry.npmjs.org/inherits/-/inherits-2.0.4.tgz",
			"integrity": "sha512-k/vGaX4/Yla3WzyMCvTQOXYeIHvqOKtnqBduzTHpzpQZzAskKMhZ2K+EnBiSM9zGSoIFeMpXKxa4dYeZIQqewQ==",
			"dev": true,
			"license": "ISC"
		},
		"node_modules/interpret": {
			"version": "1.4.0",
			"resolved": "https://registry.npmjs.org/interpret/-/interpret-1.4.0.tgz",
			"integrity": "sha512-agE4QfB2Lkp9uICn7BAqoscw4SZP9kTE2hxiFI3jBPmXJfdqiahTbUuKGsMoN2GtqL9AxhYioAcVvgsb1HvRbA==",
			"dev": true,
			"license": "MIT",
			"engines": {
				"node": ">= 0.10"
			}
		},
		"node_modules/is-binary-path": {
			"version": "2.1.0",
			"resolved": "https://registry.npmjs.org/is-binary-path/-/is-binary-path-2.1.0.tgz",
			"integrity": "sha512-ZMERYes6pDydyuGidse7OsHxtbI7WVeUEozgR/g7rd0xUimYNlvZRE/K2MgZTjWy725IfelLeVcEM97mmtRGXw==",
			"dev": true,
			"license": "MIT",
			"dependencies": {
				"binary-extensions": "^2.0.0"
			},
			"engines": {
				"node": ">=8"
			}
		},
		"node_modules/is-core-module": {
			"version": "2.15.1",
			"resolved": "https://registry.npmjs.org/is-core-module/-/is-core-module-2.15.1.tgz",
			"integrity": "sha512-z0vtXSwucUJtANQWldhbtbt7BnL0vxiFjIdDLAatwhDYty2bad6s+rijD6Ri4YuYJubLzIJLUidCh09e1djEVQ==",
			"dev": true,
			"license": "MIT",
			"dependencies": {
				"hasown": "^2.0.2"
			},
			"engines": {
				"node": ">= 0.4"
			},
			"funding": {
				"url": "https://github.com/sponsors/ljharb"
			}
		},
		"node_modules/is-extglob": {
			"version": "2.1.1",
			"resolved": "https://registry.npmjs.org/is-extglob/-/is-extglob-2.1.1.tgz",
			"integrity": "sha512-SbKbANkN603Vi4jEZv49LeVJMn4yGwsbzZworEoyEiutsN3nJYdbO36zfhGJ6QEDpOZIFkDtnq5JRxmvl3jsoQ==",
			"dev": true,
			"license": "MIT",
			"engines": {
				"node": ">=0.10.0"
			}
		},
		"node_modules/is-glob": {
			"version": "4.0.3",
			"resolved": "https://registry.npmjs.org/is-glob/-/is-glob-4.0.3.tgz",
			"integrity": "sha512-xelSayHH36ZgE7ZWhli7pW34hNbNl8Ojv5KVmkJD4hBdD3th8Tfk9vYasLM+mXWOZhFkgZfxhLSnrwRr4elSSg==",
			"dev": true,
			"license": "MIT",
			"dependencies": {
				"is-extglob": "^2.1.1"
			},
			"engines": {
				"node": ">=0.10.0"
			}
		},
		"node_modules/is-number": {
			"version": "7.0.0",
			"resolved": "https://registry.npmjs.org/is-number/-/is-number-7.0.0.tgz",
			"integrity": "sha512-41Cifkg6e8TylSpdtTpeLVMqvSBEVzTttHvERD741+pnZ8ANv0004MRL43QKPDlK9cGvNp6NZWZUBlbGXYxxng==",
			"dev": true,
			"license": "MIT",
			"engines": {
				"node": ">=0.12.0"
			}
		},
		"node_modules/jsonc-parser": {
			"version": "3.3.1",
			"resolved": "https://registry.npmjs.org/jsonc-parser/-/jsonc-parser-3.3.1.tgz",
			"integrity": "sha512-HUgH65KyejrUFPvHFPbqOY0rsFip3Bo5wb4ngvdi1EpCYWUQDC5V+Y7mZws+DLkr4M//zQJoanu1SP+87Dv1oQ==",
			"dev": true,
			"license": "MIT"
		},
		"node_modules/lit": {
			"version": "3.2.1",
			"dev": true,
			"license": "BSD-3-Clause",
			"dependencies": {
				"@lit/reactive-element": "^2.0.4",
				"lit-element": "^4.1.0",
				"lit-html": "^3.2.0"
			}
		},
		"node_modules/lit-element": {
			"version": "4.1.1",
			"dev": true,
			"license": "BSD-3-Clause",
			"dependencies": {
				"@lit-labs/ssr-dom-shim": "^1.2.0",
				"@lit/reactive-element": "^2.0.4",
				"lit-html": "^3.2.0"
			}
		},
		"node_modules/lit-html": {
			"version": "3.2.1",
			"dev": true,
			"license": "BSD-3-Clause",
			"dependencies": {
				"@types/trusted-types": "^2.0.2"
			}
		},
		"node_modules/merge2": {
			"version": "1.4.1",
			"resolved": "https://registry.npmjs.org/merge2/-/merge2-1.4.1.tgz",
			"integrity": "sha512-8q7VEgMJW4J8tcfVPy8g09NcQwZdbwFEqhe/WZkoIzjn/3TGDwtOCYtXGxA3O8tPzpczCCDgv+P2P5y00ZJOOg==",
			"dev": true,
			"license": "MIT",
			"engines": {
				"node": ">= 8"
			}
		},
		"node_modules/micromatch": {
			"version": "4.0.8",
			"resolved": "https://registry.npmjs.org/micromatch/-/micromatch-4.0.8.tgz",
			"integrity": "sha512-PXwfBhYu0hBCPw8Dn0E+WDYb7af3dSLVWKi3HGv84IdF4TyFoC0ysxFd0Goxw7nSv4T/PzEJQxsYsEiFCKo2BA==",
			"dev": true,
			"license": "MIT",
			"dependencies": {
				"braces": "^3.0.3",
				"picomatch": "^2.3.1"
			},
			"engines": {
				"node": ">=8.6"
			}
		},
		"node_modules/minimatch": {
			"version": "3.1.2",
			"resolved": "https://registry.npmjs.org/minimatch/-/minimatch-3.1.2.tgz",
			"integrity": "sha512-J7p63hRiAjw1NDEww1W7i37+ByIrOWO5XQQAzZ3VOcL0PNybwpfmV/N05zFAzwQ9USyEcX6t3UO+K5aqBQOIHw==",
			"dev": true,
			"license": "ISC",
			"dependencies": {
				"brace-expansion": "^1.1.7"
			},
			"engines": {
				"node": "*"
			}
		},
		"node_modules/minimist": {
			"version": "1.2.8",
			"resolved": "https://registry.npmjs.org/minimist/-/minimist-1.2.8.tgz",
			"integrity": "sha512-2yyAR8qBkN3YuheJanUpWC5U3bb5osDywNB8RzDVlDwDHbocAJveqqj1u8+SVD7jkWT4yvsHCpWqqWqAxb0zCA==",
			"dev": true,
			"license": "MIT",
			"funding": {
				"url": "https://github.com/sponsors/ljharb"
			}
		},
		"node_modules/normalize-path": {
			"version": "3.0.0",
			"resolved": "https://registry.npmjs.org/normalize-path/-/normalize-path-3.0.0.tgz",
			"integrity": "sha512-6eZs5Ls3WtCisHWp9S2GUy8dqkpGi4BVSz3GaqiE6ezub0512ESztXUwUB6C6IKbQkY2Pnb/mD4WYojCRwcwLA==",
			"dev": true,
			"license": "MIT",
			"engines": {
				"node": ">=0.10.0"
			}
		},
		"node_modules/once": {
			"version": "1.4.0",
			"resolved": "https://registry.npmjs.org/once/-/once-1.4.0.tgz",
			"integrity": "sha512-lNaJgI+2Q5URQBkccEKHTQOPaXdUxnZZElQTZY0MFUAuaEqe1E+Nyvgdz/aIyNi6Z9MzO5dv1H8n58/GELp3+w==",
			"dev": true,
			"license": "ISC",
			"dependencies": {
				"wrappy": "1"
			}
		},
		"node_modules/path-is-absolute": {
			"version": "1.0.1",
			"resolved": "https://registry.npmjs.org/path-is-absolute/-/path-is-absolute-1.0.1.tgz",
			"integrity": "sha512-AVbw3UJ2e9bq64vSaS9Am0fje1Pa8pbGqTTsmXfaIiMpnr5DlDhfJOuLj9Sf95ZPVDAUerDfEk88MPmPe7UCQg==",
			"dev": true,
			"license": "MIT",
			"engines": {
				"node": ">=0.10.0"
			}
		},
		"node_modules/path-parse": {
			"version": "1.0.7",
			"resolved": "https://registry.npmjs.org/path-parse/-/path-parse-1.0.7.tgz",
			"integrity": "sha512-LDJzPVEEEPR+y48z93A0Ed0yXb8pAByGWo/k5YYdYgpY2/2EsOsksJrq7lOHxryrVOn1ejG6oAp8ahvOIQD8sw==",
			"dev": true,
			"license": "MIT"
		},
		"node_modules/picomatch": {
			"version": "2.3.1",
			"resolved": "https://registry.npmjs.org/picomatch/-/picomatch-2.3.1.tgz",
			"integrity": "sha512-JU3teHTNjmE2VCGFzuY8EXzCDVwEqB2a8fsIvwaStHhAWJEeVd1o1QD80CU6+ZdEXXSLbSsuLwJjkCBWqRQUVA==",
			"dev": true,
			"license": "MIT",
			"engines": {
				"node": ">=8.6"
			},
			"funding": {
				"url": "https://github.com/sponsors/jonschlinkert"
			}
		},
		"node_modules/proper-lockfile": {
			"version": "4.1.2",
			"resolved": "https://registry.npmjs.org/proper-lockfile/-/proper-lockfile-4.1.2.tgz",
			"integrity": "sha512-TjNPblN4BwAWMXU8s9AEz4JmQxnD1NNL7bNOY/AKUzyamc379FWASUhc/K1pL2noVb+XmZKLL68cjzLsiOAMaA==",
			"dev": true,
			"license": "MIT",
			"dependencies": {
				"graceful-fs": "^4.2.4",
				"retry": "^0.12.0",
				"signal-exit": "^3.0.2"
			}
		},
		"node_modules/queue-microtask": {
			"version": "1.2.3",
			"resolved": "https://registry.npmjs.org/queue-microtask/-/queue-microtask-1.2.3.tgz",
			"integrity": "sha512-NuaNSa6flKT5JaSYQzJok04JzTL1CA6aGhv5rfLW3PgqA+M2ChpZQnAC8h8i4ZFkBS8X5RqkDBHA7r4hej3K9A==",
			"dev": true,
			"funding": [
				{
					"type": "github",
					"url": "https://github.com/sponsors/feross"
				},
				{
					"type": "patreon",
					"url": "https://www.patreon.com/feross"
				},
				{
					"type": "consulting",
					"url": "https://feross.org/support"
				}
			],
			"license": "MIT"
		},
		"node_modules/readdirp": {
			"version": "3.6.0",
			"resolved": "https://registry.npmjs.org/readdirp/-/readdirp-3.6.0.tgz",
			"integrity": "sha512-hOS089on8RduqdbhvQ5Z37A0ESjsqz6qnRcffsMU3495FuTdqSm+7bhJ29JvIOsBDEEnan5DPu9t3To9VRlMzA==",
			"dev": true,
			"license": "MIT",
			"dependencies": {
				"picomatch": "^2.2.1"
			},
			"engines": {
				"node": ">=8.10.0"
			}
		},
		"node_modules/rechoir": {
			"version": "0.6.2",
			"resolved": "https://registry.npmjs.org/rechoir/-/rechoir-0.6.2.tgz",
			"integrity": "sha512-HFM8rkZ+i3zrV+4LQjwQ0W+ez98pApMGM3HUrN04j3CqzPOzl9nmP15Y8YXNm8QHGv/eacOVEjqhmWpkRV0NAw==",
			"dev": true,
			"dependencies": {
				"resolve": "^1.1.6"
			},
			"engines": {
				"node": ">= 0.10"
			}
		},
		"node_modules/resolve": {
			"version": "1.22.8",
			"resolved": "https://registry.npmjs.org/resolve/-/resolve-1.22.8.tgz",
			"integrity": "sha512-oKWePCxqpd6FlLvGV1VU0x7bkPmmCNolxzjMf4NczoDnQcIWrAF+cPtZn5i6n+RfD2d9i0tzpKnG6Yk168yIyw==",
			"dev": true,
			"license": "MIT",
			"dependencies": {
				"is-core-module": "^2.13.0",
				"path-parse": "^1.0.7",
				"supports-preserve-symlinks-flag": "^1.0.0"
			},
			"bin": {
				"resolve": "bin/resolve"
			},
			"funding": {
				"url": "https://github.com/sponsors/ljharb"
			}
		},
		"node_modules/retry": {
			"version": "0.12.0",
			"resolved": "https://registry.npmjs.org/retry/-/retry-0.12.0.tgz",
			"integrity": "sha512-9LkiTwjUh6rT555DtE9rTX+BKByPfrMzEAtnlEtdEwr3Nkffwiihqe2bWADg+OQRjt9gl6ICdmB/ZFDCGAtSow==",
			"dev": true,
			"license": "MIT",
			"engines": {
				"node": ">= 4"
			}
		},
		"node_modules/reusify": {
			"version": "1.0.4",
			"resolved": "https://registry.npmjs.org/reusify/-/reusify-1.0.4.tgz",
			"integrity": "sha512-U9nH88a3fc/ekCF1l0/UP1IosiuIjyTh7hBvXVMHYgVcfGvt897Xguj2UOLDeI5BG2m7/uwyaLVT6fbtCwTyzw==",
			"dev": true,
			"license": "MIT",
			"engines": {
				"iojs": ">=1.0.0",
				"node": ">=0.10.0"
			}
		},
		"node_modules/run-parallel": {
			"version": "1.2.0",
			"resolved": "https://registry.npmjs.org/run-parallel/-/run-parallel-1.2.0.tgz",
			"integrity": "sha512-5l4VyZR86LZ/lDxZTR6jqL8AFE2S0IFLMP26AbjsLVADxHdhB/c0GUsH+y39UfCi3dzz8OlQuPmnaJOMoDHQBA==",
			"dev": true,
			"funding": [
				{
					"type": "github",
					"url": "https://github.com/sponsors/feross"
				},
				{
					"type": "patreon",
					"url": "https://www.patreon.com/feross"
				},
				{
					"type": "consulting",
					"url": "https://feross.org/support"
				}
			],
			"license": "MIT",
			"dependencies": {
				"queue-microtask": "^1.2.2"
			}
		},
		"node_modules/shelljs": {
			"version": "0.8.5",
			"resolved": "https://registry.npmjs.org/shelljs/-/shelljs-0.8.5.tgz",
			"integrity": "sha512-TiwcRcrkhHvbrZbnRcFYMLl30Dfov3HKqzp5tO5b4pt6G/SezKcYhmDg15zXVBswHmctSAQKznqNW2LO5tTDow==",
			"dev": true,
			"license": "BSD-3-Clause",
			"dependencies": {
				"glob": "^7.0.0",
				"interpret": "^1.0.0",
				"rechoir": "^0.6.2"
			},
			"bin": {
				"shjs": "bin/shjs"
			},
			"engines": {
				"node": ">=4"
			}
		},
		"node_modules/shx": {
			"version": "0.3.4",
			"resolved": "https://registry.npmjs.org/shx/-/shx-0.3.4.tgz",
			"integrity": "sha512-N6A9MLVqjxZYcVn8hLmtneQWIJtp8IKzMP4eMnx+nqkvXoqinUPCbUFLp2UcWTEIUONhlk0ewxr/jaVGlc+J+g==",
			"dev": true,
			"license": "MIT",
			"dependencies": {
				"minimist": "^1.2.3",
				"shelljs": "^0.8.5"
			},
			"bin": {
				"shx": "lib/cli.js"
			},
			"engines": {
				"node": ">=6"
			}
		},
		"node_modules/signal-exit": {
			"version": "3.0.7",
			"resolved": "https://registry.npmjs.org/signal-exit/-/signal-exit-3.0.7.tgz",
			"integrity": "sha512-wnD2ZE+l+SPC/uoS0vXeE9L1+0wuaMqKlfz9AMUo38JsyLSBWSFcHR1Rri62LZc12vLr1gb3jl7iwQhgwpAbGQ==",
			"dev": true,
			"license": "ISC"
		},
		"node_modules/supports-preserve-symlinks-flag": {
			"version": "1.0.0",
			"resolved": "https://registry.npmjs.org/supports-preserve-symlinks-flag/-/supports-preserve-symlinks-flag-1.0.0.tgz",
			"integrity": "sha512-ot0WnXS9fgdkgIcePe6RHNk1WA8+muPa6cSjeR3V8K27q9BB1rTE3R1p7Hv0z1ZyAc8s6Vvv8DIyWf681MAt0w==",
			"dev": true,
			"license": "MIT",
			"engines": {
				"node": ">= 0.4"
			},
			"funding": {
				"url": "https://github.com/sponsors/ljharb"
			}
		},
		"node_modules/to-regex-range": {
			"version": "5.0.1",
			"resolved": "https://registry.npmjs.org/to-regex-range/-/to-regex-range-5.0.1.tgz",
			"integrity": "sha512-65P7iz6X5yEr1cwcgvQxbbIw7Uk3gOy5dIdtZ4rDveLqhrdJP+Li/Hx6tyK0NEb+2GCyneCMJiGqrADCSNk8sQ==",
			"dev": true,
			"license": "MIT",
			"dependencies": {
				"is-number": "^7.0.0"
			},
			"engines": {
				"node": ">=8.0"
			}
		},
		"node_modules/tslib": {
			"version": "2.8.0",
			"resolved": "https://registry.npmjs.org/tslib/-/tslib-2.8.0.tgz",
			"integrity": "sha512-jWVzBLplnCmoaTr13V9dYbiQ99wvZRd0vNWaDRg+aVYRcjDF3nDksxFDE/+fkXnKhpnUUkmx5pK/v8mCtLVqZA==",
			"dev": true,
			"license": "0BSD"
		},
		"node_modules/typescript": {
			"version": "5.6.3",
			"resolved": "https://registry.npmjs.org/typescript/-/typescript-5.6.3.tgz",
			"integrity": "sha512-hjcS1mhfuyi4WW8IWtjP7brDrG2cuDZukyrYrSauoXGNgx0S7zceP07adYkJycEr56BOUTNPzbInooiN3fn1qw==",
			"dev": true,
			"license": "Apache-2.0",
			"bin": {
				"tsc": "bin/tsc",
				"tsserver": "bin/tsserver"
			},
			"engines": {
				"node": ">=14.17"
			}
		},
		"node_modules/wireit": {
			"version": "0.14.9",
			"resolved": "https://registry.npmjs.org/wireit/-/wireit-0.14.9.tgz",
			"integrity": "sha512-hFc96BgyslfO1WGSzQqOVYd5N3TB+4u9w70L9GHR/T7SYjvFmeznkYMsRIjMLhPcVabCEYPW1vV66wmIVDs+dQ==",
			"dev": true,
			"license": "Apache-2.0",
			"workspaces": [
				"vscode-extension",
				"website"
			],
			"dependencies": {
				"brace-expansion": "^4.0.0",
				"chokidar": "^3.5.3",
				"fast-glob": "^3.2.11",
				"jsonc-parser": "^3.0.0",
				"proper-lockfile": "^4.1.2"
			},
			"bin": {
				"wireit": "bin/wireit.js"
			},
			"engines": {
				"node": ">=18.0.0"
			}
		},
		"node_modules/wireit/node_modules/balanced-match": {
			"version": "3.0.1",
			"resolved": "https://registry.npmjs.org/balanced-match/-/balanced-match-3.0.1.tgz",
			"integrity": "sha512-vjtV3hiLqYDNRoiAv0zC4QaGAMPomEoq83PRmYIofPswwZurCeWR5LByXm7SyoL0Zh5+2z0+HC7jG8gSZJUh0w==",
			"dev": true,
			"license": "MIT",
			"engines": {
				"node": ">= 16"
			}
		},
		"node_modules/wireit/node_modules/brace-expansion": {
			"version": "4.0.0",
			"resolved": "https://registry.npmjs.org/brace-expansion/-/brace-expansion-4.0.0.tgz",
			"integrity": "sha512-l/mOwLWs7BQIgOKrL46dIAbyCKvPV7YJPDspkuc88rHsZRlg3hptUGdU7Trv0VFP4d3xnSGBQrKu5ZvGB7UeIw==",
			"dev": true,
			"license": "MIT",
			"dependencies": {
				"balanced-match": "^3.0.0"
			},
			"engines": {
				"node": ">= 18"
			}
		},
		"node_modules/wrappy": {
			"version": "1.0.2",
			"resolved": "https://registry.npmjs.org/wrappy/-/wrappy-1.0.2.tgz",
			"integrity": "sha512-l4Sp/DRseor9wL6EvV2+TuQn63dMkPjZ/sp9XkghTEbV9KlPS1xUsZ3u7/IQO4wxtcFB4bgpQPRcR3QCvezPcQ==",
			"dev": true,
			"license": "ISC"
		}
	}
}
